
Microsoft Visual Studio Solution File, Format Version 12.00
# Visual Studio Version 16
VisualStudioVersion = 16.0.29306.81
MinimumVisualStudioVersion = 10.0.40219.1
Project("{2150E333-8FDC-42A3-9474-1A3956D46DE8}") = "Endpoints", "Endpoints", "{992FE651-2A7B-42B2-BDA3-2D91CBACBE0C}"
EndProject
Project("{2150E333-8FDC-42A3-9474-1A3956D46DE8}") = "Messages", "Messages", "{7867B3BA-C2D6-4521-8E33-B1DCD7F75AB1}"
EndProject
Project("{2150E333-8FDC-42A3-9474-1A3956D46DE8}") = "Database", "Database", "{AF8FF88C-2A31-4635-9D62-512FA8BB023D}"
	ProjectSection(SolutionItems) = preProject
		Schema.sql = Schema.sql
	EndProjectSection
EndProject
Project("{FAE04EC0-301F-11D3-BF4B-00C04F79EFBC}") = "Scheduler", "Scheduler\Scheduler.csproj", "{67DF2A2C-A9EB-4FE8-A77B-FF4248EE1758}"
EndProject
Project("{FAE04EC0-301F-11D3-BF4B-00C04F79EFBC}") = "Workflow", "Workflow\Workflow.csproj", "{D50D3A72-0AF3-431D-B40D-8640CAF49729}"
EndProject
Project("{FAE04EC0-301F-11D3-BF4B-00C04F79EFBC}") = "Poller", "Poller\Poller.csproj", "{74C04C3C-6DE3-4349-AEB6-7B5066B89A07}"
EndProject
Project("{FAE04EC0-301F-11D3-BF4B-00C04F79EFBC}") = "Cacher", "Cacher\Cacher.csproj", "{0A61D458-9755-4295-AC70-D6EA95C799CD}"
EndProject
Project("{FAE04EC0-301F-11D3-BF4B-00C04F79EFBC}") = "Cacher.Messages", "Cacher.Messages\Cacher.Messages.csproj", "{75E0376D-2C28-40DB-A737-EA6C105CFA60}"
EndProject
Project("{FAE04EC0-301F-11D3-BF4B-00C04F79EFBC}") = "Poller.Messages", "Poller.Messages\Poller.Messages.csproj", "{CD1CB341-3D2C-4ED1-83A0-48E4592AF172}"
EndProject
Project("{FAE04EC0-301F-11D3-BF4B-00C04F79EFBC}") = "Scheduler.Messages", "Scheduler.Messages\Scheduler.Messages.csproj", "{82A0CC52-B5FD-4B19-B8EE-C753FCA5C9E8}"
EndProject
Project("{FAE04EC0-301F-11D3-BF4B-00C04F79EFBC}") = "Workflow.Messages", "Workflow.Messages\Workflow.Messages.csproj", "{7F29CBA2-51E3-4E8B-BA6F-8E11DB3F61D8}"
EndProject
Project("{2150E333-8FDC-42A3-9474-1A3956D46DE8}") = "Infrastructure", "Infrastructure", "{6A9B6AE6-880C-4A57-AA48-03FAEA926C56}"
EndProject
Project("{FAE04EC0-301F-11D3-BF4B-00C04F79EFBC}") = "Utils", "Utils\Utils.csproj", "{96B15ECC-71BA-49BF-AAAC-39FB3D69D4D4}"
EndProject
Global
	GlobalSection(SolutionConfigurationPlatforms) = preSolution
		Debug|Any CPU = Debug|Any CPU
		Release|Any CPU = Release|Any CPU
	EndGlobalSection
	GlobalSection(ProjectConfigurationPlatforms) = postSolution
		{67DF2A2C-A9EB-4FE8-A77B-FF4248EE1758}.Debug|Any CPU.ActiveCfg = Debug|Any CPU
		{67DF2A2C-A9EB-4FE8-A77B-FF4248EE1758}.Debug|Any CPU.Build.0 = Debug|Any CPU
		{67DF2A2C-A9EB-4FE8-A77B-FF4248EE1758}.Release|Any CPU.ActiveCfg = Release|Any CPU
		{67DF2A2C-A9EB-4FE8-A77B-FF4248EE1758}.Release|Any CPU.Build.0 = Release|Any CPU
		{D50D3A72-0AF3-431D-B40D-8640CAF49729}.Debug|Any CPU.ActiveCfg = Debug|Any CPU
		{D50D3A72-0AF3-431D-B40D-8640CAF49729}.Debug|Any CPU.Build.0 = Debug|Any CPU
		{D50D3A72-0AF3-431D-B40D-8640CAF49729}.Release|Any CPU.ActiveCfg = Release|Any CPU
		{D50D3A72-0AF3-431D-B40D-8640CAF49729}.Release|Any CPU.Build.0 = Release|Any CPU
		{74C04C3C-6DE3-4349-AEB6-7B5066B89A07}.Debug|Any CPU.ActiveCfg = Debug|Any CPU
		{74C04C3C-6DE3-4349-AEB6-7B5066B89A07}.Debug|Any CPU.Build.0 = Debug|Any CPU
		{74C04C3C-6DE3-4349-AEB6-7B5066B89A07}.Release|Any CPU.ActiveCfg = Release|Any CPU
		{74C04C3C-6DE3-4349-AEB6-7B5066B89A07}.Release|Any CPU.Build.0 = Release|Any CPU
		{0A61D458-9755-4295-AC70-D6EA95C799CD}.Debug|Any CPU.ActiveCfg = Debug|Any CPU
		{0A61D458-9755-4295-AC70-D6EA95C799CD}.Debug|Any CPU.Build.0 = Debug|Any CPU
		{0A61D458-9755-4295-AC70-D6EA95C799CD}.Release|Any CPU.ActiveCfg = Release|Any CPU
		{0A61D458-9755-4295-AC70-D6EA95C799CD}.Release|Any CPU.Build.0 = Release|Any CPU
		{75E0376D-2C28-40DB-A737-EA6C105CFA60}.Debug|Any CPU.ActiveCfg = Debug|Any CPU
		{75E0376D-2C28-40DB-A737-EA6C105CFA60}.Debug|Any CPU.Build.0 = Debug|Any CPU
		{75E0376D-2C28-40DB-A737-EA6C105CFA60}.Release|Any CPU.ActiveCfg = Release|Any CPU
		{75E0376D-2C28-40DB-A737-EA6C105CFA60}.Release|Any CPU.Build.0 = Release|Any CPU
		{CD1CB341-3D2C-4ED1-83A0-48E4592AF172}.Debug|Any CPU.ActiveCfg = Debug|Any CPU
		{CD1CB341-3D2C-4ED1-83A0-48E4592AF172}.Debug|Any CPU.Build.0 = Debug|Any CPU
		{CD1CB341-3D2C-4ED1-83A0-48E4592AF172}.Release|Any CPU.ActiveCfg = Release|Any CPU
		{CD1CB341-3D2C-4ED1-83A0-48E4592AF172}.Release|Any CPU.Build.0 = Release|Any CPU
		{82A0CC52-B5FD-4B19-B8EE-C753FCA5C9E8}.Debug|Any CPU.ActiveCfg = Debug|Any CPU
		{82A0CC52-B5FD-4B19-B8EE-C753FCA5C9E8}.Debug|Any CPU.Build.0 = Debug|Any CPU
		{82A0CC52-B5FD-4B19-B8EE-C753FCA5C9E8}.Release|Any CPU.ActiveCfg = Release|Any CPU
		{82A0CC52-B5FD-4B19-B8EE-C753FCA5C9E8}.Release|Any CPU.Build.0 = Release|Any CPU
		{7F29CBA2-51E3-4E8B-BA6F-8E11DB3F61D8}.Debug|Any CPU.ActiveCfg = Debug|Any CPU
		{7F29CBA2-51E3-4E8B-BA6F-8E11DB3F61D8}.Debug|Any CPU.Build.0 = Debug|Any CPU
		{7F29CBA2-51E3-4E8B-BA6F-8E11DB3F61D8}.Release|Any CPU.ActiveCfg = Release|Any CPU
		{7F29CBA2-51E3-4E8B-BA6F-8E11DB3F61D8}.Release|Any CPU.Build.0 = Release|Any CPU
		{96B15ECC-71BA-49BF-AAAC-39FB3D69D4D4}.Debug|Any CPU.ActiveCfg = Debug|Any CPU
		{96B15ECC-71BA-49BF-AAAC-39FB3D69D4D4}.Debug|Any CPU.Build.0 = Debug|Any CPU
		{96B15ECC-71BA-49BF-AAAC-39FB3D69D4D4}.Release|Any CPU.ActiveCfg = Release|Any CPU
		{96B15ECC-71BA-49BF-AAAC-39FB3D69D4D4}.Release|Any CPU.Build.0 = Release|Any CPU
	EndGlobalSection
	GlobalSection(SolutionProperties) = preSolution
		HideSolutionNode = FALSE
	EndGlobalSection
	GlobalSection(NestedProjects) = preSolution
		{67DF2A2C-A9EB-4FE8-A77B-FF4248EE1758} = {992FE651-2A7B-42B2-BDA3-2D91CBACBE0C}
		{D50D3A72-0AF3-431D-B40D-8640CAF49729} = {992FE651-2A7B-42B2-BDA3-2D91CBACBE0C}
		{74C04C3C-6DE3-4349-AEB6-7B5066B89A07} = {992FE651-2A7B-42B2-BDA3-2D91CBACBE0C}
		{0A61D458-9755-4295-AC70-D6EA95C799CD} = {992FE651-2A7B-42B2-BDA3-2D91CBACBE0C}
		{75E0376D-2C28-40DB-A737-EA6C105CFA60} = {7867B3BA-C2D6-4521-8E33-B1DCD7F75AB1}
		{CD1CB341-3D2C-4ED1-83A0-48E4592AF172} = {7867B3BA-C2D6-4521-8E33-B1DCD7F75AB1}
		{82A0CC52-B5FD-4B19-B8EE-C753FCA5C9E8} = {7867B3BA-C2D6-4521-8E33-B1DCD7F75AB1}
		{7F29CBA2-51E3-4E8B-BA6F-8E11DB3F61D8} = {7867B3BA-C2D6-4521-8E33-B1DCD7F75AB1}
		{96B15ECC-71BA-49BF-AAAC-39FB3D69D4D4} = {6A9B6AE6-880C-4A57-AA48-03FAEA926C56}
	EndGlobalSection
	GlobalSection(ExtensibilityGlobals) = postSolution
		SolutionGuid = {A329966A-0B8D-4A99-8522-9132E58626BF}
	EndGlobalSection
EndGlobal
